
Microsoft Visual Studio Solution File, Format Version 12.00
# Visual Studio Version 16
VisualStudioVersion = 16.6.30114.105
MinimumVisualStudioVersion = 10.0.40219.1
Project("{FAE04EC0-301F-11D3-BF4B-00C04F79EFBC}") = "Warehouse.API", "Warehouse.API\Warehouse.API.csproj", "{27598DB1-47FF-4FD6-9A9B-C2B950C05097}"
EndProject
Project("{FAE04EC0-301F-11D3-BF4B-00C04F79EFBC}") = "Warehouse.Entities", "Warehouse.Entities\Warehouse.Entities.csproj", "{8906A451-B385-4F25-A80F-1866DBBCDD93}"
EndProject
Global
	GlobalSection(SolutionConfigurationPlatforms) = preSolution
		Debug|Any CPU = Debug|Any CPU
		Debug|x64 = Debug|x64
		Debug|x86 = Debug|x86
		Release|Any CPU = Release|Any CPU
		Release|x64 = Release|x64
		Release|x86 = Release|x86
	EndGlobalSection
	GlobalSection(ProjectConfigurationPlatforms) = postSolution
		{27598DB1-47FF-4FD6-9A9B-C2B950C05097}.Debug|Any CPU.ActiveCfg = Debug|Any CPU
		{27598DB1-47FF-4FD6-9A9B-C2B950C05097}.Debug|Any CPU.Build.0 = Debug|Any CPU
		{27598DB1-47FF-4FD6-9A9B-C2B950C05097}.Debug|x64.ActiveCfg = Debug|Any CPU
		{27598DB1-47FF-4FD6-9A9B-C2B950C05097}.Debug|x64.Build.0 = Debug|Any CPU
		{27598DB1-47FF-4FD6-9A9B-C2B950C05097}.Debug|x86.ActiveCfg = Debug|Any CPU
		{27598DB1-47FF-4FD6-9A9B-C2B950C05097}.Debug|x86.Build.0 = Debug|Any CPU
		{27598DB1-47FF-4FD6-9A9B-C2B950C05097}.Release|Any CPU.ActiveCfg = Release|Any CPU
		{27598DB1-47FF-4FD6-9A9B-C2B950C05097}.Release|Any CPU.Build.0 = Release|Any CPU
		{27598DB1-47FF-4FD6-9A9B-C2B950C05097}.Release|x64.ActiveCfg = Release|Any CPU
		{27598DB1-47FF-4FD6-9A9B-C2B950C05097}.Release|x64.Build.0 = Release|Any CPU
		{27598DB1-47FF-4FD6-9A9B-C2B950C05097}.Release|x86.ActiveCfg = Release|Any CPU
		{27598DB1-47FF-4FD6-9A9B-C2B950C05097}.Release|x86.Build.0 = Release|Any CPU
		{8906A451-B385-4F25-A80F-1866DBBCDD93}.Debug|Any CPU.ActiveCfg = Debug|Any CPU
		{8906A451-B385-4F25-A80F-1866DBBCDD93}.Debug|Any CPU.Build.0 = Debug|Any CPU
		{8906A451-B385-4F25-A80F-1866DBBCDD93}.Debug|x64.ActiveCfg = Debug|Any CPU
		{8906A451-B385-4F25-A80F-1866DBBCDD93}.Debug|x64.Build.0 = Debug|Any CPU
		{8906A451-B385-4F25-A80F-1866DBBCDD93}.Debug|x86.ActiveCfg = Debug|Any CPU
		{8906A451-B385-4F25-A80F-1866DBBCDD93}.Debug|x86.Build.0 = Debug|Any CPU
		{8906A451-B385-4F25-A80F-1866DBBCDD93}.Release|Any CPU.ActiveCfg = Release|Any CPU
		{8906A451-B385-4F25-A80F-1866DBBCDD93}.Release|Any CPU.Build.0 = Release|Any CPU
		{8906A451-B385-4F25-A80F-1866DBBCDD93}.Release|x64.ActiveCfg = Release|Any CPU
		{8906A451-B385-4F25-A80F-1866DBBCDD93}.Release|x64.Build.0 = Release|Any CPU
		{8906A451-B385-4F25-A80F-1866DBBCDD93}.Release|x86.ActiveCfg = Release|Any CPU
		{8906A451-B385-4F25-A80F-1866DBBCDD93}.Release|x86.Build.0 = Release|Any CPU
	EndGlobalSection
	GlobalSection(SolutionProperties) = preSolution
		HideSolutionNode = FALSE
	EndGlobalSection
	GlobalSection(ExtensibilityGlobals) = postSolution
		SolutionGuid = {E6078107-F95C-408B-9A1A-90FE195491FE}
	EndGlobalSection
EndGlobal
